
Microsoft Visual Studio Solution File, Format Version 12.00
# Visual Studio Version 17
VisualStudioVersion = 17.11.35219.272
MinimumVisualStudioVersion = 10.0.40219.1
Project("{FAE04EC0-301F-11D3-BF4B-00C04F79EFBC}") = "poultry_management_system.web", "poultry_management_system.web.csproj", "{493ACF38-68C1-4884-9371-4F9D7F65C42D}"
EndProject
Global
	GlobalSection(SolutionConfigurationPlatforms) = preSolution
		Debug|Any CPU = Debug|Any CPU
		Release|Any CPU = Release|Any CPU
	EndGlobalSection
	GlobalSection(ProjectConfigurationPlatforms) = postSolution
		{493ACF38-68C1-4884-9371-4F9D7F65C42D}.Debug|Any CPU.ActiveCfg = Debug|Any CPU
		{493ACF38-68C1-4884-9371-4F9D7F65C42D}.Debug|Any CPU.Build.0 = Debug|Any CPU
		{493ACF38-68C1-4884-9371-4F9D7F65C42D}.Release|Any CPU.ActiveCfg = Release|Any CPU
		{493ACF38-68C1-4884-9371-4F9D7F65C42D}.Release|Any CPU.Build.0 = Release|Any CPU
	EndGlobalSection
	GlobalSection(SolutionProperties) = preSolution
		HideSolutionNode = FALSE
	EndGlobalSection
	GlobalSection(ExtensibilityGlobals) = postSolution
		SolutionGuid = {C421DE99-C0B4-4613-BF01-8B2A640F41E4}
	EndGlobalSection
EndGlobal
