
Microsoft Visual Studio Solution File, Format Version 12.00
# Visual Studio Version 17
VisualStudioVersion = 17.13.35818.85 d17.13
MinimumVisualStudioVersion = 10.0.40219.1
Project("{FAE04EC0-301F-11D3-BF4B-00C04F79EFBC}") = "AreaExample", "AreaExample\AreaExample.csproj", "{49149CE1-247B-4D85-B4AA-F21076494728}"
EndProject
Global
	GlobalSection(SolutionConfigurationPlatforms) = preSolution
		Debug|Any CPU = Debug|Any CPU
		Release|Any CPU = Release|Any CPU
	EndGlobalSection
	GlobalSection(ProjectConfigurationPlatforms) = postSolution
		{49149CE1-247B-4D85-B4AA-F21076494728}.Debug|Any CPU.ActiveCfg = Debug|Any CPU
		{49149CE1-247B-4D85-B4AA-F21076494728}.Debug|Any CPU.Build.0 = Debug|Any CPU
		{49149CE1-247B-4D85-B4AA-F21076494728}.Release|Any CPU.ActiveCfg = Release|Any CPU
		{49149CE1-247B-4D85-B4AA-F21076494728}.Release|Any CPU.Build.0 = Release|Any CPU
	EndGlobalSection
	GlobalSection(SolutionProperties) = preSolution
		HideSolutionNode = FALSE
	EndGlobalSection
	GlobalSection(ExtensibilityGlobals) = postSolution
		SolutionGuid = {14C6E5F7-B685-490A-A3F6-582B14DD0F70}
	EndGlobalSection
EndGlobal
