
Microsoft Visual Studio Solution File, Format Version 12.00
# Visual Studio Version 17
VisualStudioVersion = 17.13.35818.85 d17.13
MinimumVisualStudioVersion = 10.0.40219.1
Project("{FAE04EC0-301F-11D3-BF4B-00C04F79EFBC}") = "ArrayExample.20.03", "ArrayExample.20.03\ArrayExample.20.03.csproj", "{51EFDB7E-D6BE-494A-BACD-8517978AD38E}"
EndProject
Global
	GlobalSection(SolutionConfigurationPlatforms) = preSolution
		Debug|Any CPU = Debug|Any CPU
		Release|Any CPU = Release|Any CPU
	EndGlobalSection
	GlobalSection(ProjectConfigurationPlatforms) = postSolution
		{51EFDB7E-D6BE-494A-BACD-8517978AD38E}.Debug|Any CPU.ActiveCfg = Debug|Any CPU
		{51EFDB7E-D6BE-494A-BACD-8517978AD38E}.Debug|Any CPU.Build.0 = Debug|Any CPU
		{51EFDB7E-D6BE-494A-BACD-8517978AD38E}.Release|Any CPU.ActiveCfg = Release|Any CPU
		{51EFDB7E-D6BE-494A-BACD-8517978AD38E}.Release|Any CPU.Build.0 = Release|Any CPU
	EndGlobalSection
	GlobalSection(SolutionProperties) = preSolution
		HideSolutionNode = FALSE
	EndGlobalSection
	GlobalSection(ExtensibilityGlobals) = postSolution
		SolutionGuid = {EC2F99A7-9875-4B37-99EA-DAB0EE298EE8}
	EndGlobalSection
EndGlobal
