
Microsoft Visual Studio Solution File, Format Version 12.00
# Visual Studio Version 17
VisualStudioVersion = 17.11.35219.272
MinimumVisualStudioVersion = 10.0.40219.1
Project("{FAE04EC0-301F-11D3-BF4B-00C04F79EFBC}") = "Calculator", "Calculator.csproj", "{F4E1CB5A-755B-417F-A5B4-40AE49055717}"
EndProject
Global
	GlobalSection(SolutionConfigurationPlatforms) = preSolution
		Debug|Any CPU = Debug|Any CPU
		Release|Any CPU = Release|Any CPU
	EndGlobalSection
	GlobalSection(ProjectConfigurationPlatforms) = postSolution
		{F4E1CB5A-755B-417F-A5B4-40AE49055717}.Debug|Any CPU.ActiveCfg = Debug|Any CPU
		{F4E1CB5A-755B-417F-A5B4-40AE49055717}.Debug|Any CPU.Build.0 = Debug|Any CPU
		{F4E1CB5A-755B-417F-A5B4-40AE49055717}.Release|Any CPU.ActiveCfg = Release|Any CPU
		{F4E1CB5A-755B-417F-A5B4-40AE49055717}.Release|Any CPU.Build.0 = Release|Any CPU
	EndGlobalSection
	GlobalSection(SolutionProperties) = preSolution
		HideSolutionNode = FALSE
	EndGlobalSection
	GlobalSection(ExtensibilityGlobals) = postSolution
		SolutionGuid = {2BF22425-8CE9-48EE-9C30-0EA52957E24F}
	EndGlobalSection
EndGlobal
