
Microsoft Visual Studio Solution File, Format Version 12.00
# Visual Studio Version 17
VisualStudioVersion = 17.13.35818.85 d17.13
MinimumVisualStudioVersion = 10.0.40219.1
Project("{FAE04EC0-301F-11D3-BF4B-00C04F79EFBC}") = "RefParameter", "RefParameter\RefParameter.csproj", "{0B024C54-9710-4A6A-8FD2-6C854C157CAE}"
EndProject
Global
	GlobalSection(SolutionConfigurationPlatforms) = preSolution
		Debug|Any CPU = Debug|Any CPU
		Release|Any CPU = Release|Any CPU
	EndGlobalSection
	GlobalSection(ProjectConfigurationPlatforms) = postSolution
		{0B024C54-9710-4A6A-8FD2-6C854C157CAE}.Debug|Any CPU.ActiveCfg = Debug|Any CPU
		{0B024C54-9710-4A6A-8FD2-6C854C157CAE}.Debug|Any CPU.Build.0 = Debug|Any CPU
		{0B024C54-9710-4A6A-8FD2-6C854C157CAE}.Release|Any CPU.ActiveCfg = Release|Any CPU
		{0B024C54-9710-4A6A-8FD2-6C854C157CAE}.Release|Any CPU.Build.0 = Release|Any CPU
	EndGlobalSection
	GlobalSection(SolutionProperties) = preSolution
		HideSolutionNode = FALSE
	EndGlobalSection
	GlobalSection(ExtensibilityGlobals) = postSolution
		SolutionGuid = {2C10A14E-C740-4CD8-9911-D8998D65D705}
	EndGlobalSection
EndGlobal
