
Microsoft Visual Studio Solution File, Format Version 12.00
# Visual Studio Version 17
VisualStudioVersion = 17.11.35219.272
MinimumVisualStudioVersion = 10.0.40219.1
Project("{FAE04EC0-301F-11D3-BF4B-00C04F79EFBC}") = "BoxingUnBoxingExample", "BoxingUnBoxingExample.csproj", "{1DAE0B55-9721-47B4-AFE7-1E764058BF61}"
EndProject
Global
	GlobalSection(SolutionConfigurationPlatforms) = preSolution
		Debug|Any CPU = Debug|Any CPU
		Release|Any CPU = Release|Any CPU
	EndGlobalSection
	GlobalSection(ProjectConfigurationPlatforms) = postSolution
		{1DAE0B55-9721-47B4-AFE7-1E764058BF61}.Debug|Any CPU.ActiveCfg = Debug|Any CPU
		{1DAE0B55-9721-47B4-AFE7-1E764058BF61}.Debug|Any CPU.Build.0 = Debug|Any CPU
		{1DAE0B55-9721-47B4-AFE7-1E764058BF61}.Release|Any CPU.ActiveCfg = Release|Any CPU
		{1DAE0B55-9721-47B4-AFE7-1E764058BF61}.Release|Any CPU.Build.0 = Release|Any CPU
	EndGlobalSection
	GlobalSection(SolutionProperties) = preSolution
		HideSolutionNode = FALSE
	EndGlobalSection
	GlobalSection(ExtensibilityGlobals) = postSolution
		SolutionGuid = {9CAC5E56-99BF-4672-8D21-FC55EE48634D}
	EndGlobalSection
EndGlobal
