
Microsoft Visual Studio Solution File, Format Version 12.00
# Visual Studio Version 17
VisualStudioVersion = 17.11.35219.272
MinimumVisualStudioVersion = 10.0.40219.1
Project("{FAE04EC0-301F-11D3-BF4B-00C04F79EFBC}") = "CopyFileExample", "CopyFileExample.csproj", "{9FA52D86-766F-433E-A2B0-A5E7A5F87136}"
EndProject
Global
	GlobalSection(SolutionConfigurationPlatforms) = preSolution
		Debug|Any CPU = Debug|Any CPU
		Release|Any CPU = Release|Any CPU
	EndGlobalSection
	GlobalSection(ProjectConfigurationPlatforms) = postSolution
		{9FA52D86-766F-433E-A2B0-A5E7A5F87136}.Debug|Any CPU.ActiveCfg = Debug|Any CPU
		{9FA52D86-766F-433E-A2B0-A5E7A5F87136}.Debug|Any CPU.Build.0 = Debug|Any CPU
		{9FA52D86-766F-433E-A2B0-A5E7A5F87136}.Release|Any CPU.ActiveCfg = Release|Any CPU
		{9FA52D86-766F-433E-A2B0-A5E7A5F87136}.Release|Any CPU.Build.0 = Release|Any CPU
	EndGlobalSection
	GlobalSection(SolutionProperties) = preSolution
		HideSolutionNode = FALSE
	EndGlobalSection
	GlobalSection(ExtensibilityGlobals) = postSolution
		SolutionGuid = {B9122F6E-1885-488E-B133-11B1EE4F7AF8}
	EndGlobalSection
EndGlobal
