
Microsoft Visual Studio Solution File, Format Version 12.00
# Visual Studio Version 17
VisualStudioVersion = 17.13.35818.85 d17.13
MinimumVisualStudioVersion = 10.0.40219.1
Project("{FAE04EC0-301F-11D3-BF4B-00C04F79EFBC}") = "DynamicDropDown", "DynamicDropDown\DynamicDropDown.csproj", "{B1CB3B8D-8F6A-468A-81B4-5FC12F26A073}"
EndProject
Global
	GlobalSection(SolutionConfigurationPlatforms) = preSolution
		Debug|Any CPU = Debug|Any CPU
		Release|Any CPU = Release|Any CPU
	EndGlobalSection
	GlobalSection(ProjectConfigurationPlatforms) = postSolution
		{B1CB3B8D-8F6A-468A-81B4-5FC12F26A073}.Debug|Any CPU.ActiveCfg = Debug|Any CPU
		{B1CB3B8D-8F6A-468A-81B4-5FC12F26A073}.Debug|Any CPU.Build.0 = Debug|Any CPU
		{B1CB3B8D-8F6A-468A-81B4-5FC12F26A073}.Release|Any CPU.ActiveCfg = Release|Any CPU
		{B1CB3B8D-8F6A-468A-81B4-5FC12F26A073}.Release|Any CPU.Build.0 = Release|Any CPU
	EndGlobalSection
	GlobalSection(SolutionProperties) = preSolution
		HideSolutionNode = FALSE
	EndGlobalSection
	GlobalSection(ExtensibilityGlobals) = postSolution
		SolutionGuid = {5FB1E9A4-035D-445B-A6AD-A67D832CAFAA}
	EndGlobalSection
EndGlobal
